
Microsoft Visual Studio Solution File, Format Version 12.00
# Visual Studio 15
VisualStudioVersion = 15.0.26730.3
MinimumVisualStudioVersion = 10.0.40219.1
Project("{8BC9CEB8-8B4A-11D0-8D11-00A0C91BC942}") = "TestsLinux", "TestsLinux.vcxproj", "{61E8782D-382A-4B12-B3A5-3521D4DD63FA}"
EndProject
Project("{8BC9CEB8-8B4A-11D0-8D11-00A0C91BC942}") = "TestsWindowsNative", "TestsWindowsNative.vcxproj", "{AF54A3AB-9F18-4ADD-8429-2F1CF1607618}"
EndProject
Global
	GlobalSection(SolutionConfigurationPlatforms) = preSolution
		Debug|ARM = Debug|ARM
		Debug|x64 = Debug|x64
		Debug|x86 = Debug|x86
		Release|ARM = Release|ARM
		Release|x64 = Release|x64
		Release|x86 = Release|x86
	EndGlobalSection
	GlobalSection(ProjectConfigurationPlatforms) = postSolution
		{61E8782D-382A-4B12-B3A5-3521D4DD63FA}.Debug|ARM.ActiveCfg = Debug|ARM
		{61E8782D-382A-4B12-B3A5-3521D4DD63FA}.Debug|ARM.Build.0 = Debug|ARM
		{61E8782D-382A-4B12-B3A5-3521D4DD63FA}.Debug|x64.ActiveCfg = Debug|x64
		{61E8782D-382A-4B12-B3A5-3521D4DD63FA}.Debug|x64.Build.0 = Debug|x64
		{61E8782D-382A-4B12-B3A5-3521D4DD63FA}.Debug|x86.ActiveCfg = Debug|x86
		{61E8782D-382A-4B12-B3A5-3521D4DD63FA}.Debug|x86.Build.0 = Debug|x86
		{61E8782D-382A-4B12-B3A5-3521D4DD63FA}.Release|ARM.ActiveCfg = Release|ARM
		{61E8782D-382A-4B12-B3A5-3521D4DD63FA}.Release|ARM.Build.0 = Release|ARM
		{61E8782D-382A-4B12-B3A5-3521D4DD63FA}.Release|x64.ActiveCfg = Release|x64
		{61E8782D-382A-4B12-B3A5-3521D4DD63FA}.Release|x64.Build.0 = Release|x64
		{61E8782D-382A-4B12-B3A5-3521D4DD63FA}.Release|x86.ActiveCfg = Release|x86
		{61E8782D-382A-4B12-B3A5-3521D4DD63FA}.Release|x86.Build.0 = Release|x86
		{AF54A3AB-9F18-4ADD-8429-2F1CF1607618}.Debug|ARM.ActiveCfg = Debug|Win32
		{AF54A3AB-9F18-4ADD-8429-2F1CF1607618}.Debug|x64.ActiveCfg = Debug|x64
		{AF54A3AB-9F18-4ADD-8429-2F1CF1607618}.Debug|x64.Build.0 = Debug|x64
		{AF54A3AB-9F18-4ADD-8429-2F1CF1607618}.Debug|x86.ActiveCfg = Debug|Win32
		{AF54A3AB-9F18-4ADD-8429-2F1CF1607618}.Debug|x86.Build.0 = Debug|Win32
		{AF54A3AB-9F18-4ADD-8429-2F1CF1607618}.Release|ARM.ActiveCfg = Release|Win32
		{AF54A3AB-9F18-4ADD-8429-2F1CF1607618}.Release|x64.ActiveCfg = Release|x64
		{AF54A3AB-9F18-4ADD-8429-2F1CF1607618}.Release|x64.Build.0 = Release|x64
		{AF54A3AB-9F18-4ADD-8429-2F1CF1607618}.Release|x86.ActiveCfg = Release|Win32
		{AF54A3AB-9F18-4ADD-8429-2F1CF1607618}.Release|x86.Build.0 = Release|Win32
	EndGlobalSection
	GlobalSection(SolutionProperties) = preSolution
		HideSolutionNode = FALSE
	EndGlobalSection
	GlobalSection(ExtensibilityGlobals) = postSolution
		SolutionGuid = {31F580E2-0DFD-4201-A0A4-E5D2882F7879}
	EndGlobalSection
EndGlobal
